{
  "version": "2",
  "remote": {
    "https://deno.land/std@0.120.0/async/deadline.ts": "1d6ac7aeaee22f75eb86e4e105d6161118aad7b41ae2dd14f4cfd3bf97472b93",
    "https://deno.land/std@0.120.0/async/debounce.ts": "b2f693e4baa16b62793fd618de6c003b63228db50ecfe3bd51fc5f6dc0bc264b",
    "https://deno.land/std@0.120.0/async/deferred.ts": "ab60d46ba561abb3b13c0c8085d05797a384b9f182935f051dc67136817acdee",
    "https://deno.land/std@0.120.0/async/delay.ts": "f2d8ccaa8ebc26594bd8b0989edfd8a96257a714c1dee2fb54d986e5bdd840ac",
    "https://deno.land/std@0.120.0/async/mod.ts": "78425176fabea7bd1046ce3819fd69ce40da85c83e0f174d17e8e224a91f7d10",
    "https://deno.land/std@0.120.0/async/mux_async_iterator.ts": "62abff3af9ff619e8f2adc96fc70d4ca020fa48a50c23c13f12d02ed2b760dbe",
    "https://deno.land/std@0.120.0/async/pool.ts": "353ce4f91865da203a097aa6f33de8966340c91b6f4a055611c8c5d534afd12f",
    "https://deno.land/std@0.120.0/async/tee.ts": "3e9f2ef6b36e55188de16a667c702ace4ad0cf84e3720379160e062bf27348ad",
    "https://deno.land/std@0.120.0/fmt/colors.ts": "8368ddf2d48dfe413ffd04cdbb7ae6a1009cf0dccc9c7ff1d76259d9c61a0621",
    "https://deno.land/std@0.120.0/http/http_status.ts": "2ff185827bff21c7be2807fcb09a6a2166464ba57fcd94afe805abab8e09070a",
    "https://deno.land/std@0.153.0/_deno_unstable.ts": "4ddb8672d49d58b5bbc4a5a7a2f1b3bce4fd06aa4c8b8476728334391667de7b",
    "https://deno.land/std@0.153.0/_util/assert.ts": "e94f2eb37cebd7f199952e242c77654e43333c1ac4c5c700e929ea3aa5489f74",
    "https://deno.land/std@0.153.0/_util/os.ts": "3b4c6e27febd119d36a416d7a97bd3b0251b77c88942c8f16ee5953ea13e2e49",
    "https://deno.land/std@0.153.0/async/abortable.ts": "87aa7230be8360c24ad437212311c9e8d4328854baec27b4c7abb26e85515c06",
    "https://deno.land/std@0.153.0/async/deadline.ts": "48ac998d7564969f3e6ec6b6f9bf0217ebd00239b1b2292feba61272d5dd58d0",
    "https://deno.land/std@0.153.0/async/debounce.ts": "de5433bff08a2bb61416fc53b3bd2d5867090c8a815465e5b4a10a77495b1051",
    "https://deno.land/std@0.153.0/async/deferred.ts": "c01de44b9192359cebd3fe93273fcebf9e95110bf3360023917da9a2d1489fae",
    "https://deno.land/std@0.153.0/async/delay.ts": "d5a169caede8e1c5d46b3f25eab97db5fd1ab193fc82a53bafd3642ac42ca3c7",
    "https://deno.land/std@0.153.0/async/mod.ts": "dd0a8ed4f3984ffabe2fcca7c9f466b7932d57b1864ffee148a5d5388316db6b",
    "https://deno.land/std@0.153.0/async/mux_async_iterator.ts": "3447b28a2a582224a3d4d3596bccbba6e85040da3b97ed64012f7decce98d093",
    "https://deno.land/std@0.153.0/async/pool.ts": "ef9eb97b388543acbf0ac32647121e4dbe629236899586c4d4311a8770fbb239",
    "https://deno.land/std@0.153.0/async/tee.ts": "d27680d911816fcb3d231e16d690e7588079e66a9b2e5ce8cc354db94fdce95f",
    "https://deno.land/std@0.153.0/bytes/bytes_list.ts": "aba5e2369e77d426b10af1de0dcc4531acecec27f9b9056f4f7bfbf8ac147ab4",
    "https://deno.land/std@0.153.0/bytes/equals.ts": "3c3558c3ae85526f84510aa2b48ab2ad7bdd899e2e0f5b7a8ffc85acb3a6043a",
    "https://deno.land/std@0.153.0/bytes/mod.ts": "763f97d33051cc3f28af1a688dfe2830841192a9fea0cbaa55f927b49d49d0bf",
    "https://deno.land/std@0.153.0/datetime/formatter.ts": "7c8e6d16a0950f400aef41b9f1eb9168249869776ec520265dfda785d746589e",
    "https://deno.land/std@0.153.0/datetime/mod.ts": "701f01f0a3c9d4a6e7802ad245ac6dbef1118bdb104ef7965107d6dd8a0ebaf9",
    "https://deno.land/std@0.153.0/datetime/tokenizer.ts": "7381e28f6ab51cb504c7e132be31773d73ef2f3e1e50a812736962b9df1e8c47",
    "https://deno.land/std@0.153.0/encoding/_yaml/dumper/dumper.ts": "5bd334372608a1aec7a2343705930889d4048f57a2c4d398f1d6d75996ecd0d3",
    "https://deno.land/std@0.153.0/encoding/_yaml/dumper/dumper_state.ts": "3c1bc8519c1832f0f136856881b97f0b42f64b7968767dbc36b8b0b6cae963dc",
    "https://deno.land/std@0.153.0/encoding/_yaml/error.ts": "6ca899f6d86c6979bce6d7c3a6a8e2a360b09d8b0f55d2e649bd1233604fb7c9",
    "https://deno.land/std@0.153.0/encoding/_yaml/loader/loader.ts": "db200890459e9490b21d8ce657d9566327e1d1d20ed493393a1f04a51516436c",
    "https://deno.land/std@0.153.0/encoding/_yaml/loader/loader_state.ts": "59124e56d864274ce4043dca8bf63e937c6e960e4ad120465e424b38f3469b2d",
    "https://deno.land/std@0.153.0/encoding/_yaml/mark.ts": "7f67f43755b2602fefe52012eb3ab627880da97edd0f6c00f916ceb2ddb1b5d1",
    "https://deno.land/std@0.153.0/encoding/_yaml/parse.ts": "8f362dc01401099263d73a4bfa00bc90ea456d202507d62a11dfcfeac74484f5",
    "https://deno.land/std@0.153.0/encoding/_yaml/schema.ts": "db295ea6079fce9c38f4ee2ff1233c65db598b35b379551e445b558534b2e1fd",
    "https://deno.land/std@0.153.0/encoding/_yaml/schema/core.ts": "bcb47a389d596369fbfccf73a6b221ac3ca5440149b4f6df1e707f2efc6854ef",
    "https://deno.land/std@0.153.0/encoding/_yaml/schema/default.ts": "8b6bd9cb1cab07a3397e1cc3843edba6ad40d1bd15687c1f56cd977da834d984",
    "https://deno.land/std@0.153.0/encoding/_yaml/schema/extended.ts": "5e0bfd9a28c7a82ba40fc7ff7890df7469ec85390320349974acbc627ae1be88",
    "https://deno.land/std@0.153.0/encoding/_yaml/schema/failsafe.ts": "7254a9ca0dff8f30377098622812e55c4535aaf352fecb4ec51939e596bd74e7",
    "https://deno.land/std@0.153.0/encoding/_yaml/schema/json.ts": "2205d0d3d3377de56f92ac0f4a82bf561ea0d7b86eb195c9f0c32c7c7871d78f",
    "https://deno.land/std@0.153.0/encoding/_yaml/schema/mod.ts": "6769df6082aceee9849f71168f4353ba4f92e4a2a5a429a422debac13a593d4e",
    "https://deno.land/std@0.153.0/encoding/_yaml/state.ts": "374b8dc170417beccb364e543b25eef73576196f4a526836bb3a621b87a204a3",
    "https://deno.land/std@0.153.0/encoding/_yaml/stringify.ts": "ec15035c1928f96f4e42c0a0e9f3082512e294fd6b8ff6a0403a3ee9282f69aa",
    "https://deno.land/std@0.153.0/encoding/_yaml/type.ts": "95ad0cdbab49343b1527ebc7762c477726c34702438375be6781b44e03e9fcfc",
    "https://deno.land/std@0.153.0/encoding/_yaml/type/binary.ts": "8ae1bdeebe090133b1d1e1ef8427d5ea03f8b6f8944bd2eca578c81330700b0a",
    "https://deno.land/std@0.153.0/encoding/_yaml/type/bool.ts": "95c030531adc3d66a59979dc25c2fcdeb1f58ae40a91d6f9e9a537af0fd2b5a4",
    "https://deno.land/std@0.153.0/encoding/_yaml/type/float.ts": "60e26783fd0e4472bd222e028323ff68e0c5ff37a9871298c676335d8574cf87",
    "https://deno.land/std@0.153.0/encoding/_yaml/type/function.ts": "b5642dda5ef8d47c0325a2b89a022cbce3be45ba21f8c4f9202364d967c6b3e5",
    "https://deno.land/std@0.153.0/encoding/_yaml/type/int.ts": "166cdd73d9473373e0e65e9f65d5fd8e96cbd303b58535e2ff2e049bb73dbefb",
    "https://deno.land/std@0.153.0/encoding/_yaml/type/map.ts": "78bf5447d2e3f79d59bf7cb63a76ca7797854a0d8e2154c6fd35775c4e5c8c61",
    "https://deno.land/std@0.153.0/encoding/_yaml/type/merge.ts": "094b272e6087c6aef39cd9617fa6603ec934e507faad6c276d293e2734f9b083",
    "https://deno.land/std@0.153.0/encoding/_yaml/type/mod.ts": "b2f267dc0b0296cf8f6109aa129e2cf6d1e1f8c59f8903f0330c18749eca2d3c",
    "https://deno.land/std@0.153.0/encoding/_yaml/type/nil.ts": "1988843acab56e99e883cd047c40cc7fb799b6d335f541f022ae3b914abcbe35",
    "https://deno.land/std@0.153.0/encoding/_yaml/type/omap.ts": "fd3f2f9a8ae634996da84d021353ac8bf4b41e714f2711159d756d0e2f3aabd1",
    "https://deno.land/std@0.153.0/encoding/_yaml/type/pairs.ts": "90736f87b6e39a144205a235d8851f7bebf6bb3835fd03742c30253d5ecd7ec5",
    "https://deno.land/std@0.153.0/encoding/_yaml/type/regexp.ts": "a9e70491fa7ede8689b933d81142aa7635a253733a4df626bd479c55cb64222e",
    "https://deno.land/std@0.153.0/encoding/_yaml/type/seq.ts": "135f37a1b6dcb3688bc0dad0c9dc3a04370b1fc94267960586ea23877ffd3088",
    "https://deno.land/std@0.153.0/encoding/_yaml/type/set.ts": "2937ac0e1ce8c121a4009e74568e341e2a380fdb5f41f16050ce2ca7537b2bd8",
    "https://deno.land/std@0.153.0/encoding/_yaml/type/str.ts": "6420d3a0099d9fbc35861241b7dad65b800ff3909efe71ab71c895326187ab8d",
    "https://deno.land/std@0.153.0/encoding/_yaml/type/timestamp.ts": "3db0667dd9bdc3b3f0e8596fff023e87bc9fca230a545bb67d0bf3b732c1c656",
    "https://deno.land/std@0.153.0/encoding/_yaml/type/undefined.ts": "5b595082d064cf50a3345f5fdda8c02beb0768e9d97d4bd4c53ac81a9f94e185",
    "https://deno.land/std@0.153.0/encoding/_yaml/utils.ts": "c7e6bf055b08fffe700c7cbdfa2939cab7b9676ff75b6dc98d72d41b3b173d37",
    "https://deno.land/std@0.153.0/encoding/front_matter.ts": "6f48cbf9741cafcbf4ef7b9a21cff3842373bd8fe78d262970b1cf1e178b05f0",
    "https://deno.land/std@0.153.0/encoding/hex.ts": "4cc5324417cbb4ac9b828453d35aed45b9cc29506fad658f1f138d981ae33795",
    "https://deno.land/std@0.153.0/encoding/yaml.ts": "4c02197eb797e40dfe0720fbe32a9990c935f02cf75b6091b36c0710c3218cf6",
    "https://deno.land/std@0.153.0/flags/mod.ts": "d920e6675c31d5ef7efcb2087958923caf252e28fee724d7f7444c6b7b235204",
    "https://deno.land/std@0.153.0/fmt/colors.ts": "ff7dc9c9f33a72bd48bc24b21bbc1b4545d8494a431f17894dbc5fe92a938fc4",
    "https://deno.land/std@0.153.0/fs/_util.ts": "2cf50bfb1081c2d5f2efec10ac19abbc2baf478e51cd1b057d0da2f30585b6ba",
    "https://deno.land/std@0.153.0/fs/walk.ts": "6ce8d87fbaeda23383e979599ad27f3f94b3e5ff0c0cd976b5fc5c2aa0df7d92",
    "https://deno.land/std@0.153.0/http/_negotiation/common.ts": "410e902f01cdd324e4746e8017595be4fc357d6fc4cd6044f2f808a943d7eaf7",
    "https://deno.land/std@0.153.0/http/_negotiation/encoding.ts": "f749c1d539d139af783e8a7741de5a47a98a5e3c9af82b8af512567ccf5fe632",
    "https://deno.land/std@0.153.0/http/_negotiation/language.ts": "53c306186904d2dace4c624a8822542866ad332a7f40ac90e0af1504f95c63d0",
    "https://deno.land/std@0.153.0/http/_negotiation/media_type.ts": "ecdda87286495f7ff25116858f5088856953e2f1585e593d314e0c71b826a137",
    "https://deno.land/std@0.153.0/http/cookie.ts": "7a61e920f19c9c3ee8e07befe5fe5a530114d6babefd9ba2c50594cab724a822",
    "https://deno.land/std@0.153.0/http/cookie_map.ts": "6b623a8476340685a9aa11a2944c79d225d0380cd1bb9b94a2a07f90d47f3068",
    "https://deno.land/std@0.153.0/http/file_server.ts": "215e6a8c9f401047ecb052d3c5edf9465b916452608a9ea435d2b5ebe421b302",
    "https://deno.land/std@0.153.0/http/http_errors.ts": "fe9b7f95f7ee0592c3306f8c7aed03ba53d55d1ef81e00041c1171b9588f46d9",
    "https://deno.land/std@0.153.0/http/http_status.ts": "897575a7d6bc2b9123f6a38ecbc0f03d95a532c5d92029315dc9f508e12526b8",
    "https://deno.land/std@0.153.0/http/mod.ts": "329d40fe0113f24d878749d1b8e0afe037179906230dfb86247e7d140877d262",
    "https://deno.land/std@0.153.0/http/negotiation.ts": "f35b1ff2ad4ff9feaa00ac234960b398172768205c8eceaef7f2eafe34716ba2",
    "https://deno.land/std@0.153.0/http/server.ts": "e2e16f0b124ffef022ad04797d4250d6e4fc0d9579780999091949b17789dd1a",
    "https://deno.land/std@0.153.0/http/util.ts": "6abb4120b732f28954c3df6fed8bee9e2026a93a327f6f116bf049b3958fd85f",
    "https://deno.land/std@0.153.0/io/buffer.ts": "8232dcd8c4c7f14b95f28444454ad63750267be23e0fd7f88320c68b0f87a3b5",
    "https://deno.land/std@0.153.0/media_types/_util.ts": "ce9b4fc4ba1c447dafab619055e20fd88236ca6bdd7834a21f98bd193c3fbfa1",
    "https://deno.land/std@0.153.0/media_types/mod.ts": "74885352135624774b8cd164f3a9d866aac1e0dc3ccb5412e2a2d56ed4b1fc99",
    "https://deno.land/std@0.153.0/media_types/vendor/mime-db.v1.52.0.ts": "724cee25fa40f1a52d3937d6b4fbbfdd7791ff55e1b7ac08d9319d5632c7f5af",
    "https://deno.land/std@0.153.0/path/_constants.ts": "df1db3ffa6dd6d1252cc9617e5d72165cd2483df90e93833e13580687b6083c3",
    "https://deno.land/std@0.153.0/path/_interface.ts": "ee3b431a336b80cf445441109d089b70d87d5e248f4f90ff906820889ecf8d09",
    "https://deno.land/std@0.153.0/path/_util.ts": "d16be2a16e1204b65f9d0dfc54a9bc472cafe5f4a190b3c8471ec2016ccd1677",
    "https://deno.land/std@0.153.0/path/common.ts": "bee563630abd2d97f99d83c96c2fa0cca7cee103e8cb4e7699ec4d5db7bd2633",
    "https://deno.land/std@0.153.0/path/glob.ts": "cb5255638de1048973c3e69e420c77dc04f75755524cb3b2e160fe9277d939ee",
    "https://deno.land/std@0.153.0/path/mod.ts": "56fec03ad0ebd61b6ab39ddb9b0ddb4c4a5c9f2f4f632e09dd37ec9ebfd722ac",
    "https://deno.land/std@0.153.0/path/posix.ts": "c1f7afe274290ea0b51da07ee205653b2964bd74909a82deb07b69a6cc383aaa",
    "https://deno.land/std@0.153.0/path/separator.ts": "fe1816cb765a8068afb3e8f13ad272351c85cbc739af56dacfc7d93d710fe0f9",
    "https://deno.land/std@0.153.0/path/win32.ts": "bd7549042e37879c68ff2f8576a25950abbfca1d696d41d82c7bca0b7e6f452c",
    "https://deno.land/std@0.176.0/_util/asserts.ts": "178dfc49a464aee693a7e285567b3d0b555dc805ff490505a8aae34f9cfb1462",
    "https://deno.land/std@0.176.0/_util/os.ts": "d932f56d41e4f6a6093d56044e29ce637f8dcc43c5a90af43504a889cf1775e3",
    "https://deno.land/std@0.176.0/async/abortable.ts": "73acfb3ed7261ce0d930dbe89e43db8d34e017b063cf0eaa7d215477bf53442e",
    "https://deno.land/std@0.176.0/async/deadline.ts": "b98e50d2c42399af03ad13bbb8cf59dadb9f0cd5d70648cc0c3b9202d75ab565",
    "https://deno.land/std@0.176.0/async/debounce.ts": "adab11d04ca38d699444ac8a9d9856b4155e8dda2afd07ce78276c01ea5a4332",
    "https://deno.land/std@0.176.0/async/deferred.ts": "42790112f36a75a57db4a96d33974a936deb7b04d25c6084a9fa8a49f135def8",
    "https://deno.land/std@0.176.0/async/delay.ts": "73aa04cec034c84fc748c7be49bb15cac3dd43a57174bfdb7a4aec22c248f0dd",
    "https://deno.land/std@0.176.0/async/mod.ts": "f04344fa21738e5ad6bea37a6bfffd57c617c2d372bb9f9dcfd118a1b622e576",
    "https://deno.land/std@0.176.0/async/mux_async_iterator.ts": "70c7f2ee4e9466161350473ad61cac0b9f115cff4c552eaa7ef9d50c4cbb4cc9",
    "https://deno.land/std@0.176.0/async/pool.ts": "fd082bd4aaf26445909889435a5c74334c017847842ec035739b4ae637ae8260",
    "https://deno.land/std@0.176.0/async/retry.ts": "5efa3ba450ac0c07a40a82e2df296287b5013755d232049efd7ea2244f15b20f",
    "https://deno.land/std@0.176.0/async/tee.ts": "47e42d35f622650b02234d43803d0383a89eb4387e1b83b5a40106d18ae36757",
    "https://deno.land/std@0.176.0/bytes/copy.ts": "939d89e302a9761dcf1d9c937c7711174ed74c59eef40a1e4569a05c9de88219",
    "https://deno.land/std@0.176.0/collections/_utils.ts": "5114abc026ddef71207a79609b984614e66a63a4bda17d819d56b0e72c51527e",
    "https://deno.land/std@0.176.0/collections/deep_merge.ts": "5a8ed29030f4471a5272785c57c3455fa79697b9a8f306013a8feae12bafc99a",
    "https://deno.land/std@0.176.0/crypto/_fnv/fnv32.ts": "e4649dfdefc5c987ed53c3c25db62db771a06d9d1b9c36d2b5cf0853b8e82153",
    "https://deno.land/std@0.176.0/crypto/_fnv/fnv64.ts": "bfa0e4702061fdb490a14e6bf5f9168a22fb022b307c5723499469bfefca555e",
    "https://deno.land/std@0.176.0/crypto/_fnv/index.ts": "169c213eb75de2d6738c1ed66a8e5782bd222b70b187cc4e7fb7b73edfcf0927",
    "https://deno.land/std@0.176.0/crypto/_fnv/util.ts": "accba12bfd80a352e32a872f87df2a195e75561f1b1304a4cb4f5a4648d288f9",
    "https://deno.land/std@0.176.0/crypto/_util.ts": "0522d1466e3c92df84cea94da85dbb7bd93e629dacb2aa5b39cab432ab7cb3d6",
    "https://deno.land/std@0.176.0/crypto/_wasm/lib/deno_std_wasm_crypto.generated.mjs": "5dedb7f9aa05f0e18ed017691c58df5f4686e4cbbd70368c6f896e5cca03f2b4",
    "https://deno.land/std@0.176.0/crypto/_wasm/mod.ts": "e2df88236fc061eac7a89e8cb0b97843f5280b08b2a990e473b7397a3e566003",
    "https://deno.land/std@0.176.0/crypto/crypto.ts": "d5ce53784ab7b1348095389426a7ea98536223fb143812ecb50724a0aa1ec657",
    "https://deno.land/std@0.176.0/crypto/keystack.ts": "877ab0f19eb7d37ad6495190d3c3e39f58e9c52e0b6a966f82fd6df67ca55f90",
    "https://deno.land/std@0.176.0/crypto/mod.ts": "885738e710868202d7328305b0c0c134e36a2d9c98ceab9513ea2442863c00eb",
    "https://deno.land/std@0.176.0/crypto/timing_safe_equal.ts": "8d69ab611c67fe51b6127d97fcfb4d8e7d0e1b6b4f3e0cc4ab86744c3691f965",
    "https://deno.land/std@0.176.0/crypto/to_hash_string.ts": "fe4e95239d7afb617f469bc2f76ff20f888ddb8d1385e0d92276f6e4d5a809d1",
    "https://deno.land/std@0.176.0/datetime/to_imf.ts": "851d072a1c86c7ec34c753e61b1951ceda50c9da805b170a0ecaea3b024dd266",
    "https://deno.land/std@0.176.0/encoding/_toml/parser.ts": "a932beaf8e65af821c7ff36ff38f6fde3ab8d24a8a79c7ca6fe2e7a920c39804",
    "https://deno.land/std@0.176.0/encoding/_yaml/dumper/dumper.ts": "49053c293a2250b33f2efc0ce3973280c6dc3bc0b41397af3863b5f03340e01b",
    "https://deno.land/std@0.176.0/encoding/_yaml/dumper/dumper_state.ts": "975a3702752a29251c5746206507dfebbfede60dd2c0dec161dc22633fbc6085",
    "https://deno.land/std@0.176.0/encoding/_yaml/error.ts": "e60ab51d7c0253cf0d1cf7d445202e8e3da5c77aae0032071ba7400121c281b4",
    "https://deno.land/std@0.176.0/encoding/_yaml/loader/loader.ts": "6c59f60faaf78d73db0e016293f4bfed19e6356d7064230d07d6b68a65a1df5d",
    "https://deno.land/std@0.176.0/encoding/_yaml/loader/loader_state.ts": "fcc82fcdf167acb0e9e5e32b32682e58b45f2d44210bf685794797ccb5621232",
    "https://deno.land/std@0.176.0/encoding/_yaml/mark.ts": "0027d6f62a70a6c64b85bd1751ddf1646ea97edcefbf5bea1706d5e519f4e34f",
    "https://deno.land/std@0.176.0/encoding/_yaml/parse.ts": "63e79582e07145ca1d3205d1ac72b82bf5ce14159dabae195abe7e36de8111bd",
    "https://deno.land/std@0.176.0/encoding/_yaml/schema.ts": "0833c75c59bf72c8a8f96f6c0615bcd98d23fdd9b076657f42b5c1a4f9d972b0",
    "https://deno.land/std@0.176.0/encoding/_yaml/schema/core.ts": "366f56673336ba24f5723c04319efcc7471be5f55d5f8d95c9b4a38ec233d4c6",
    "https://deno.land/std@0.176.0/encoding/_yaml/schema/default.ts": "96e9ed6ead36f53a0832c542fc9b8cca7f8b4a67c1c8424e1423a39ee7154db7",
    "https://deno.land/std@0.176.0/encoding/_yaml/schema/extended.ts": "f9bd75c79ebdfb92a8e167488b6bde7113a31b8fabe20ad7eed0904fba11bcd2",
    "https://deno.land/std@0.176.0/encoding/_yaml/schema/failsafe.ts": "cddcbf0258bbe0cd77ca10e2f5aec13439f50d4068f96aab08ca2d64496dabe8",
    "https://deno.land/std@0.176.0/encoding/_yaml/schema/json.ts": "c86905dfb1b6c4633750bfbb5bd529a30be5c08287ab7eb6694390b40e276487",
    "https://deno.land/std@0.176.0/encoding/_yaml/schema/mod.ts": "051f93dd97a15aaad2da62bd24627e8fd2f02fb026d21567d924b720d606f078",
    "https://deno.land/std@0.176.0/encoding/_yaml/state.ts": "ef03d55ec235d48dcfbecc0ab3ade90bfae69a61094846e08003421c2cf5cfc6",
    "https://deno.land/std@0.176.0/encoding/_yaml/stringify.ts": "426b73e4dbaeed26ed855add3862786d7e374bd4c59e5e1bd9a6fcd5082be3c7",
    "https://deno.land/std@0.176.0/encoding/_yaml/type.ts": "5ded5472a0f17a219ac3b0e90d96dc8472a68654a40258a31e03a6c6297b6788",
    "https://deno.land/std@0.176.0/encoding/_yaml/type/binary.ts": "935d39794420ac3718d26716192239de6a53566c6f2ba5010e8ed26936b94a89",
    "https://deno.land/std@0.176.0/encoding/_yaml/type/bool.ts": "1c99cfbaa94b022575b636a73e1549569b26fc6bbff2cd5e539aa77b49bdf303",
    "https://deno.land/std@0.176.0/encoding/_yaml/type/float.ts": "f60ad19b27050add694bfc255b7efef27103f047861aa657823ff3f6853bad11",
    "https://deno.land/std@0.176.0/encoding/_yaml/type/function.ts": "65a37f6bef43ef141854ee48a1058d9c9c4c80ed6eed6cd35608329a6957e27a",
    "https://deno.land/std@0.176.0/encoding/_yaml/type/int.ts": "892f59bb7b2dbd64dd9b643c17441af95c0b962ad027e454cb84a68864787b86",
    "https://deno.land/std@0.176.0/encoding/_yaml/type/map.ts": "92e647a6aec0dc184ea4b039a77a15883b54da754311189c595b43f6aaa50030",
    "https://deno.land/std@0.176.0/encoding/_yaml/type/merge.ts": "8192bf3e4d637f32567917f48bb276043da9cf729cf594e5ec191f7cd229337e",
    "https://deno.land/std@0.176.0/encoding/_yaml/type/mod.ts": "060e2b3d38725094b77ea3a3f05fc7e671fced8e67ca18e525be98c4aa8f4bbb",
    "https://deno.land/std@0.176.0/encoding/_yaml/type/nil.ts": "606e8f0c44d73117c81abec822f89ef81e40f712258c74f186baa1af659b8887",
    "https://deno.land/std@0.176.0/encoding/_yaml/type/omap.ts": "fbd5da9970c211335ff7c8fa11e9c5e9256e568d52418ac237d1538c5cb0d5e6",
    "https://deno.land/std@0.176.0/encoding/_yaml/type/pairs.ts": "ea487a44c0ae64d8d952779fa1cb5fa0a12f32a0b5d3d1e8c1f06f446448427c",
    "https://deno.land/std@0.176.0/encoding/_yaml/type/regexp.ts": "672000d22a1062d61577d30b218c28f5cb1d039a7a60079fdde6a4e558d5ca51",
    "https://deno.land/std@0.176.0/encoding/_yaml/type/seq.ts": "39b28f7c7aa41263c5c42cab9d184f03555e9ba19493766afc0c0c325a9ac49f",
    "https://deno.land/std@0.176.0/encoding/_yaml/type/set.ts": "0e30a9f750306b514c8ae9869d1ac2548d57beab55b33e85ea9673ca0a08264c",
    "https://deno.land/std@0.176.0/encoding/_yaml/type/str.ts": "a67a3c6e429d95041399e964015511779b1130ea5889fa257c48457bd3446e31",
    "https://deno.land/std@0.176.0/encoding/_yaml/type/timestamp.ts": "706ea80a76a73e48efaeb400ace087da1f927647b53ad6f754f4e06d51af087f",
    "https://deno.land/std@0.176.0/encoding/_yaml/type/undefined.ts": "94a316ca450597ccbc6750cbd79097ad0d5f3a019797eed3c841a040c29540ba",
    "https://deno.land/std@0.176.0/encoding/_yaml/utils.ts": "26b311f0d42a7ce025060bd6320a68b50e52fd24a839581eb31734cd48e20393",
    "https://deno.land/std@0.176.0/encoding/base64.ts": "7de04c2f8aeeb41453b09b186480be90f2ff357613b988e99fabb91d2eeceba1",
    "https://deno.land/std@0.176.0/encoding/base64url.ts": "3f1178f6446834457b16bfde8b559c1cd3481727fe384d3385e4a9995dc2d851",
    "https://deno.land/std@0.176.0/encoding/front_matter/any.ts": "8debc7942e5f8d9a119049a38684e4a3b80badea898aa2be341bc76d000790a1",
    "https://deno.land/std@0.176.0/encoding/front_matter/mod.ts": "086d2c2f20e8b20bad9c02daa270333439441c1509959c79f7ab792dff394b39",
    "https://deno.land/std@0.176.0/encoding/hex.ts": "50f8c95b52eae24395d3dfcb5ec1ced37c5fe7610ef6fffdcc8b0fdc38e3b32f",
    "https://deno.land/std@0.176.0/encoding/toml.ts": "d11fc659365218035ec1d92c1dfa206718838954a6de7cfc62d0a07ffb19f582",
    "https://deno.land/std@0.176.0/encoding/yaml.ts": "02571d1bbbcfd7c5647789cee872ecf9c1c470e1b1a40948ed219fb661e19d87",
    "https://deno.land/std@0.176.0/flags/mod.ts": "d1cdefa18472ef69858a17df5cf7c98445ed27ac10e1460183081303b0ebc270",
    "https://deno.land/std@0.176.0/fmt/colors.ts": "938c5d44d889fb82eff6c358bea8baa7e85950a16c9f6dae3ec3a7a729164471",
    "https://deno.land/std@0.176.0/fs/_util.ts": "65381f341af1ff7f40198cee15c20f59951ac26e51ddc651c5293e24f9ce6f32",
    "https://deno.land/std@0.176.0/fs/walk.ts": "ea95ffa6500c1eda6b365be488c056edc7c883a1db41ef46ec3bf057b1c0fe32",
    "https://deno.land/std@0.176.0/http/_negotiation/common.ts": "14d1a52427ab258a4b7161cd80e1d8a207b7cc64b46e911780f57ead5f4323c6",
    "https://deno.land/std@0.176.0/http/_negotiation/encoding.ts": "ff747d107277c88cb7a6a62a08eeb8d56dad91564cbcccb30694d5dc126dcc53",
    "https://deno.land/std@0.176.0/http/_negotiation/language.ts": "7bcddd8db3330bdb7ce4fc00a213c5547c1968139864201efd67ef2d0d51887d",
    "https://deno.land/std@0.176.0/http/_negotiation/media_type.ts": "58847517cd549384ad677c0fe89e0a4815be36fe7a303ea63cee5f6a1d7e1692",
    "https://deno.land/std@0.176.0/http/cookie.ts": "4afa70654aee951b1b5a82b8939566843bf6eea605a961c7abc8e9705afd0a20",
    "https://deno.land/std@0.176.0/http/cookie_map.ts": "8cf428c03ef17c197196a5c382495cd4adecbfb597f6f8f3cd7e1775c3e79ffd",
    "https://deno.land/std@0.176.0/http/file_server.ts": "86d624c0c908a4a377090668ee872cf5c064245da71b3e8f8f7df888cac869d5",
    "https://deno.land/std@0.176.0/http/http_errors.ts": "57169d9bdf4cda1982a3742693c146ab1bf2cbc88df003b40ac905a30013d4cb",
    "https://deno.land/std@0.176.0/http/http_status.ts": "8a7bcfe3ac025199ad804075385e57f63d055b2aed539d943ccc277616d6f932",
    "https://deno.land/std@0.176.0/http/mod.ts": "b8039c604915f9b27fea8e251479ae30e4d15b1c01223b73fb0399e763fe2a5d",
    "https://deno.land/std@0.176.0/http/negotiation.ts": "32761c921afa7847cf767fe81c81785721abccc0db0fc51c7ec2a45868b4ee4a",
    "https://deno.land/std@0.176.0/http/server.ts": "cbb17b594651215ba95c01a395700684e569c165a567e4e04bba327f41197433",
    "https://deno.land/std@0.176.0/http/util.ts": "36c0b60c031f9e2ba024353ed11693f76c714551f9e766b36cdaacda54f25a21",
    "https://deno.land/std@0.176.0/io/buffer.ts": "e2b7564f684dad625cab08f5106f33572d325705d19a36822b3272fbdfb8f726",
    "https://deno.land/std@0.176.0/media_types/_db.ts": "7606d83e31f23ce1a7968cbaee852810c2cf477903a095696cdc62eaab7ce570",
    "https://deno.land/std@0.176.0/media_types/_util.ts": "916efbd30b6148a716f110e67a4db29d6949bf4048997b754415dd7e42c52378",
    "https://deno.land/std@0.176.0/media_types/content_type.ts": "c682589a0aeb016bfed355cc1ed6fbb3ead2ea48fc0000ac5de6a5730613ad1c",
    "https://deno.land/std@0.176.0/media_types/format_media_type.ts": "1e35e16562e5c417401ffc388a9f8f421f97f0ee06259cbe990c51bae4e6c7a8",
    "https://deno.land/std@0.176.0/media_types/get_charset.ts": "8be15a1fd31a545736b91ace56d0e4c66ea0d7b3fdc5c90760e8202e7b4b1fad",
    "https://deno.land/std@0.176.0/media_types/parse_media_type.ts": "bed260d868ea271445ae41d748e7afed9b5a7f407d2777ead08cecf73e9278de",
    "https://deno.land/std@0.176.0/media_types/type_by_extension.ts": "6076a7fc63181d70f92ec582fdea2c927eb2cfc7f9c9bee9d6add2aca86f2355",
    "https://deno.land/std@0.176.0/media_types/vendor/mime-db.v1.52.0.ts": "6925bbcae81ca37241e3f55908d0505724358cda3384eaea707773b2c7e99586",
    "https://deno.land/std@0.176.0/path/_constants.ts": "e49961f6f4f48039c0dfed3c3f93e963ca3d92791c9d478ac5b43183413136e0",
    "https://deno.land/std@0.176.0/path/_interface.ts": "6471159dfbbc357e03882c2266d21ef9afdb1e4aa771b0545e90db58a0ba314b",
    "https://deno.land/std@0.176.0/path/_util.ts": "d7abb1e0dea065f427b89156e28cdeb32b045870acdf865833ba808a73b576d0",
    "https://deno.land/std@0.176.0/path/common.ts": "ee7505ab01fd22de3963b64e46cff31f40de34f9f8de1fff6a1bd2fe79380000",
    "https://deno.land/std@0.176.0/path/glob.ts": "d479e0a695621c94d3fd7fe7abd4f9499caf32a8de13f25073451c6ef420a4e1",
    "https://deno.land/std@0.176.0/path/mod.ts": "4b83694ac500d7d31b0cdafc927080a53dc0c3027eb2895790fb155082b0d232",
    "https://deno.land/std@0.176.0/path/posix.ts": "8b7c67ac338714b30c816079303d0285dd24af6b284f7ad63da5b27372a2c94d",
    "https://deno.land/std@0.176.0/path/separator.ts": "0fb679739d0d1d7bf45b68dacfb4ec7563597a902edbaf3c59b50d5bcadd93b1",
    "https://deno.land/std@0.176.0/path/win32.ts": "d186344e5583bcbf8b18af416d13d82b35a317116e6460a5a3953508c3de5bba",
    "https://deno.land/std@0.176.0/version.ts": "fa05028f9b7a16358f89f8e33e856dddd9447202a1d5a1f56a86034e6cfcd66c",
    "https://deno.land/std@0.187.0/async/pool.ts": "f1b8d3df4d7fd3c73f8cbc91cc2e8b8e950910f1eab94230b443944d7584c657",
    "https://deno.land/x/blog@0.5.0/blog.tsx": "d90024103b57a5cab410e765b08daf2d22c32de39481c8e7347666be1eb22853",
    "https://deno.land/x/blog@0.5.0/components.tsx": "9e5b7b26da86e7b0c85fa3fffd7ac8c8b0e2697108725f6a9afa92f1cf06d4e4",
    "https://deno.land/x/blog@0.5.0/deps.ts": "8c658aedd34a0b7ebd993cff52d6ece8fd18096ea144b7a3ea8078a90642b1ab",
    "https://deno.land/x/blog@0.6.1/blog.tsx": "c39502578eed15d94598513b1410a1efb379a4c4307320c5d8fb09f197720ad4",
    "https://deno.land/x/blog@0.6.1/components.tsx": "0303d27c5f2c5e6792b6c3bcd0eb3254861e77aaa86e4cb55fe5f048b6a484f3",
    "https://deno.land/x/blog@0.6.1/deps.ts": "445becc1e70d505017cbe40957a028e70fb4b1ff29b20f5281af46487755c3d1",
    "https://deno.land/x/emoji@0.1.2/all.ts": "f308ed6af940c3df7436a80dc8d016c3dcc16c3890a12724cf7e043a9e489a29",
    "https://deno.land/x/emoji@0.1.2/emoji.ts": "e6aa205846a805bca29466d82d24476c9e8aecbee0e477b845d332786c2b1770",
    "https://deno.land/x/emoji@0.1.2/mod.ts": "e466029cda15415de960c53797b739e3034d9e56774895b34a534e054e6f4076",
    "https://deno.land/x/emoji@0.1.2/unicode.ts": "ac8079e8e1da66ae9e601c1fdd0e7641120c2b07ca7bd2875e65fe23e16e6199",
    "https://deno.land/x/emoji@0.2.1/all.json": "9beb741e050f6eaeab2e4529517a68fd55f4cde98d9a5008c5ef5537e4d2ddb5",
    "https://deno.land/x/emoji@0.2.1/emoji.ts": "59baa579fead2ea631cde96aefa03689ee2f1241ab76398965eddc5c66096047",
    "https://deno.land/x/emoji@0.2.1/mod.ts": "733bed20d9489f91fd16823bc0bff4943d995d7f1fdae6fea458b3e0927bde96",
    "https://deno.land/x/emoji@0.2.1/unicode.ts": "ac8079e8e1da66ae9e601c1fdd0e7641120c2b07ca7bd2875e65fe23e16e6199",
    "https://deno.land/x/g_a@0.1.2/mod.ts": "6016891e4aa825a82e14782cf45be5705aa42f3ed5e8378200a6e0136239f572",
    "https://deno.land/x/gfm@0.1.22/deps.ts": "40d2c2846d5f2a92cc81401099f39f26fc541af000a01ac0dede689646843365",
    "https://deno.land/x/gfm@0.1.22/mod.ts": "cd48d4d317e55f76ed0d45895142f7960af1dd8581abb92de9fec67e12cd1666",
    "https://deno.land/x/gfm@0.1.22/style.js": "8f64515cd70d9446ba6eea180e8203757e1c93920e4fd261d626f57aa0178be3",
    "https://deno.land/x/gfm@0.1.30/deps.ts": "b41872181d0cfe55a625f3df8180f6cecdbbed5a75c806bd3257a6b8d42b6a2c",
    "https://deno.land/x/gfm@0.1.30/mod.ts": "59801f54e8f170a03808c03a82fd252c7e31cb6d4381b27c55cd75a719c0041c",
    "https://deno.land/x/gfm@0.1.30/style.js": "2036bcfa9b6e9594dfd1bf26024bad69e256fb1ddfb3ada7aaef00fb6d727e0b",
    "https://deno.land/x/htm@0.0.10/mod.tsx": "59e6ccfb5c1742e0b4449e6df62115b9c8dbe732a826fa0aa089f46308519e35",
    "https://deno.land/x/htm@0.0.10/plugins.ts": "f0286e102fd5b04058c5887f1570ea465917c0f50431984e958af1782c03c38f",
    "https://deno.land/x/htm@0.1.3/html.tsx": "b1c1e8ff8af45dbdf4dd6d90dea37ff8e9c86c705f672f9b53911691ed12e6fd",
    "https://deno.land/x/htm@0.1.3/mod.ts": "93485a06c930907a40f09eb8d9deadf27aaaa228c5037a24be7a08b82c8b4bee",
    "https://deno.land/x/htm@0.1.3/plugins/color-scheme.ts": "e6aae324f7d28e2ad3a9c9dfa5665ba0e4cec2e05fabb04989dc124c0b5f6e36",
    "https://deno.land/x/htm@0.1.3/plugins/unocss.ts": "dca4739d3f07a243b14d072cc470537a8711e0b7218b4968e661d62ceeee6416",
    "https://esm.sh/@unocss/core@0.41.0": "e51b3efa691652c5d23815bed05c7a48c363a94b1e70f72fc754cd72f3e3d5a4",
    "https://esm.sh/@unocss/core@0.46.3": "cc350f47a69d8c5b7cf3249fff921e052a5ebc06b9a592661bb20305fe901a7d",
    "https://esm.sh/@unocss/preset-wind@0.41.0?bundle&no-check": "ea689ad8f4fa49821bd7b759e501f3f676993d911ea3a6d85439fc83b183f00c",
    "https://esm.sh/@unocss/preset-wind@0.46.3?bundle&no-check": "79557e1628d709f50dd8a199c89a9a640a5fed28464c7927640a28849b2db757",
    "https://esm.sh/feed@4.2.2": "628a9f6aef64e370077fc018c48c9e0fbfd1dedd6a211982ee55383e9856bde2",
    "https://esm.sh/he@1.2.0": "669b282aa95653d792e9b8611b50763b7c5943798dc353fb8633c8ab0f0be31f",
    "https://esm.sh/marked@4.0.12": "f21293c04653302446e43be7556c42c0ae7bd1f0be9901bc58764228ca2f804d",
    "https://esm.sh/marked@4.2.12": "7d568763397bd36a6233b2b2662f07258fb9cf84a07d79821f6d52808a622643",
    "https://esm.sh/preact-render-to-string@5.2.0?deps=preact@10.8.2": "02fe5ff3675466d7a0c807d2715715932eee20caae715da2a86ae09b53d2aca5",
    "https://esm.sh/preact-render-to-string@5.2.6?deps=preact@10.11.2": "67efb74c7581e2309c5ecc07a8c7877ca2085fda5630b9a7cc8a6bfb1c1b3a76",
    "https://esm.sh/preact@10.11.2": "22f181aae86f5d1064a827f330cb19f5f52451ed06a8bc33ef6609d6ebc6d127",
    "https://esm.sh/preact@10.7.2": "77b31c6ebeedc2bbe99212b0e188ebe8c7139850364eec730d512f5bbfae6963",
    "https://esm.sh/preact@10.8.2": "8302e2558b3180de984bab2d7be07b20fd75255494f639d95f3a17ddc4acd91a",
    "https://esm.sh/prismjs@1.27.0": "9964b88a6c098223b2cc14a22fb11acf48604e32c0ed5f0499c0929805705771",
    "https://esm.sh/prismjs@1.28.0/components/prism-c?no-check": "77a06249259249c806214cc7259556e1838812d4db2642ebdc946213f74b2f41",
    "https://esm.sh/prismjs@1.29.0": "b12dfb57c6978b68f407546aa06ecf96dc9226ee27b826e92bfaef508467ea77",
    "https://esm.sh/prismjs@1.29.0/components/prism-c?no-check": "9fd8b252accd01bc2adaa49d3d82a60df29c52c6f32a8c37bcf6e115679ff4db",
    "https://esm.sh/remove-markdown@0.5.0": "8c742e1265e4fb3c315513f623881fd8f88f108b01d7da9006cb48563128cf37",
    "https://esm.sh/sanitize-html@2.7.0": "16ae56068a0d3009a19fba5efb60d869a7789f75fcded49eb453bf69a69ffc3d",
    "https://esm.sh/sanitize-html@2.8.1?target=esnext": "a2b22e15ef47df95477d281999d506f4221bffad6958f0c85159ff22605a24a2",
    "https://esm.sh/stable/preact@10.11.2/denonext/preact.mjs": "deeb0873c83971be55cddc2f90bf0099a4c86adb3797884300677a3daf1b70b7",
    "https://esm.sh/stable/preact@10.7.2/denonext/preact.mjs": "fda4341cff9723adf5b8e6a0e86fa43c3aad99d53240d9434ffff81d4f5398c5",
    "https://esm.sh/stable/preact@10.8.2/denonext/preact.mjs": "1505875858475514bf98e640858b607648ed7d48db2e7d52390f2ad96e642e51",
    "https://esm.sh/v126/@unocss/core@0.41.0/denonext/core.mjs": "6ad1cd077acc0b04fbed30b9717dee1dc4118d2f02358706db2e303cd7bda1ee",
    "https://esm.sh/v126/@unocss/core@0.46.3/denonext/core.mjs": "ed5fc799af48df70c566212dececb0af69e4ac2e490bf3486868c4650317fb9f",
    "https://esm.sh/v126/@unocss/preset-mini@0.41.0/denonext/preset-mini.mjs": "c3d56fb28fe22afbacfcc31971dc165d0d5d2d5e99890fd5cbaa94b73611e7d1",
    "https://esm.sh/v126/@unocss/preset-mini@0.41.0/denonext/rules.js": "1d21abc6f6de3f9123e72d2e722364a96df82414454bb16df1126ac05a080626",
    "https://esm.sh/v126/@unocss/preset-mini@0.41.0/denonext/theme.js": "4a84dbf5bb6888daa0554404c02f3d1360fb119d51eb8e1156f6b6705389e33b",
    "https://esm.sh/v126/@unocss/preset-mini@0.41.0/denonext/utils.js": "f28c1a0a721b18ee3b1ce0468c4eebf36224e1ef2466dbaaaa229d75f72263d6",
    "https://esm.sh/v126/@unocss/preset-mini@0.41.0/denonext/variants.js": "9b9e415ae2c673bf40ed33f701feffc23875fe36a0a4a97c392e80fd9837849f",
    "https://esm.sh/v126/@unocss/preset-mini@0.46.3/denonext/preset-mini.mjs": "79d1fc4846b9519555a2c2793e64c0ac0f51faa2a92a9ab30b2c80a909444a78",
    "https://esm.sh/v126/@unocss/preset-mini@0.46.3/denonext/rules.js": "60efb610ef41d6458c6f7d21916e89c264f3bc552261493705ac2c6517fe0b57",
    "https://esm.sh/v126/@unocss/preset-mini@0.46.3/denonext/theme.js": "7cfcf5d7892d0afb1fa9f244fe4d20c134c7bdfb4e93cbe1d3d128e6446536ef",
    "https://esm.sh/v126/@unocss/preset-mini@0.46.3/denonext/utils.js": "ddbb61494a0849cfd447a6d78e9908d32551ba3c0dd360e79ee8c0560f7d04b5",
    "https://esm.sh/v126/@unocss/preset-mini@0.46.3/denonext/variants.js": "c72c363a9f06a8ac4e570514b0620cab958b1d820121675ac033066b6c47e127",
    "https://esm.sh/v126/@unocss/preset-wind@0.41.0/denonext/preset-wind.bundle.mjs": "7f4b527614e3051c9884557112fbf080b63516fbd360a4e1b1d955bbae2026de",
    "https://esm.sh/v126/@unocss/preset-wind@0.46.3/denonext/preset-wind.bundle.mjs": "962e8ef378fe4013d3a6e807144d8e3d9b7ffd7a47348e5b6b728c2eaa52e6c1",
    "https://esm.sh/v126/base64-js@1.5.1/esnext/base64-js.mjs": "06645873bd39b537271b4c46c974b9b51a02b9feafa07937bb3a3cfaf1fb0cf6",
    "https://esm.sh/v126/buffer@6.0.3/esnext/buffer.bundle.mjs": "0571914861fe53be485254ee6b98847b7dc374159e3e038371c3df7c8dc6acdf",
    "https://esm.sh/v126/deepmerge@4.3.1/denonext/deepmerge.mjs": "08481570f6011601fe4b827bffb00cdea632e55c923c44485d8719e8ab77b7c9",
    "https://esm.sh/v126/deepmerge@4.3.1/esnext/deepmerge.mjs": "426fb4ada3c99ddd720d7c28ce216d8fcb47543e3d64ead96d97b1103cc16487",
    "https://esm.sh/v126/dom-serializer@1.4.1/denonext/dom-serializer.mjs": "b64c5d4663ccb4e73eccfb07e133ad3cb1ba7a9b48bbf24bed8469f846e28867",
    "https://esm.sh/v126/dom-serializer@2.0.0/esnext/dom-serializer.mjs": "2c73e338656ad01ff9653c2bba50dca32a52225b72cf2b310ca1b6db14c9b969",
    "https://esm.sh/v126/domelementtype@2.3.0/denonext/domelementtype.mjs": "371936c356d5ac797f2ce3a66b98dfc73e6fff0e095b2858b85668e6ad7d10e0",
    "https://esm.sh/v126/domelementtype@2.3.0/esnext/domelementtype.mjs": "1e4dd3222620668a50040012a6b0d1582e89e7a570826a079a11226a7929e20c",
    "https://esm.sh/v126/domhandler@4.3.1/denonext/domhandler.mjs": "64dbecc352bb5b3e300c326d7c9b999bcd790da092ddfd1a8879107b1fe7d7e3",
    "https://esm.sh/v126/domhandler@5.0.3/esnext/domhandler.mjs": "8861d4f3a0af7de207c55550107073ede677e10ca411465bc739186413bb657f",
    "https://esm.sh/v126/domutils@2.8.0/denonext/domutils.mjs": "193815666ca00934564e1db6761d52ba6c513d7a32ce641ab0b94c34f9461ced",
    "https://esm.sh/v126/domutils@3.1.0/esnext/domutils.mjs": "2e9a9259bef7e1085139cd8db23d1a2d6e6b6edf76e5d836848699624f341947",
    "https://esm.sh/v126/entities@2.2.0/denonext/entities.mjs": "61e97e8bba1d3bf2f5242870a835f129efb2cc7e3a511588cab5b8ce2f20ad3f",
    "https://esm.sh/v126/entities@2.2.0/denonext/lib/decode_codepoint.js": "ab57a823acfbac78b9edf82fe8dba1f29db73ce4849a5d5a96054509e52752f4",
    "https://esm.sh/v126/entities@2.2.0/denonext/lib/maps/entities.json.js": "beb583b520a74f437f8c8e8253f6d31217d2849d666827986a9229a5057108b9",
    "https://esm.sh/v126/entities@2.2.0/denonext/lib/maps/legacy.json.js": "c74f610eadd830b6b619da006810e090ce6cd8055b091cef2cad73c75c02b17e",
    "https://esm.sh/v126/entities@2.2.0/denonext/lib/maps/xml.json.js": "937ec2a06ad2beaeb20b3ca285dcb2775fc4db34a119354ef24dd0bc02399beb",
    "https://esm.sh/v126/entities@4.5.0/esnext/entities.mjs": "5e2dc6b9009c467fceb7b357ca2d43a618e039aa4163267418064f65e69e4913",
    "https://esm.sh/v126/entities@4.5.0/esnext/lib/decode.js": "a94034fcf3b2ec6828ed2911b2f42bdeeab26f38ecc759fb1881e440c6c54b92",
    "https://esm.sh/v126/escape-string-regexp@4.0.0/denonext/escape-string-regexp.mjs": "4bebd5b21a97ea88f1b93f2851c077053d3cc323ac2b2eefc835ff3d7dab8ae9",
    "https://esm.sh/v126/escape-string-regexp@4.0.0/esnext/escape-string-regexp.mjs": "7f00803b40f74aee2522808c0cf76057a715636dd84f4f679731b0e935cd3a56",
    "https://esm.sh/v126/feed@4.2.2/denonext/feed.mjs": "5f0fe49302e0b12185c639f7115190446171965c8c861db9d5817a8fc1c1dbb7",
    "https://esm.sh/v126/he@1.2.0/denonext/he.mjs": "e03dd3aebe230bfbffbc301a16230c079c268f6c763f0e31eb8f99f8ccba4529",
    "https://esm.sh/v126/htmlparser2@6.1.0/denonext/htmlparser2.mjs": "660dc1e3289d5f2dc0aaba80aefaff3ce58838d262b9dc4c7512faed00cb2a60",
    "https://esm.sh/v126/htmlparser2@8.0.2/esnext/htmlparser2.mjs": "9417b00a627f89b5b441c3288be1dc37cf635b36dced4311ee0e36028853ab4d",
    "https://esm.sh/v126/ieee754@1.2.1/esnext/ieee754.mjs": "697af7a0508eafc364c7ff778310afdc7e7d7187c15f5f3a3295b541785af5b4",
    "https://esm.sh/v126/is-plain-object@5.0.0/denonext/is-plain-object.mjs": "6d9568ddc8b90de99a46c63e14984810280b6b021dc4e478803b3c240811985f",
    "https://esm.sh/v126/is-plain-object@5.0.0/esnext/is-plain-object.mjs": "d990fb0c3e251072728088888873225a35995aedff2e3b443b5e3c33efe1be3b",
    "https://esm.sh/v126/marked@4.0.12/denonext/marked.mjs": "d700e8acd5cd6888e7cde9ac3783a18ed65eaeda5587949671967b377e595daf",
    "https://esm.sh/v126/marked@4.2.12/denonext/marked.mjs": "3ad4ac80d78bb1a39d5a5f4bd0c9becadc31f8abcbf02832c9d5a42a94865803",
    "https://esm.sh/v126/nanoid@3.3.6/denonext/non-secure.js": "9339526d48828770370eba72bf719a40b74de0e1197d8a582c15fbd9ab837d3d",
    "https://esm.sh/v126/nanoid@3.3.6/esnext/non-secure.js": "aef4144cd7d02917d59594dbbed43bf7f42bd3280ba5500ec7a0bba8d2e1c9f7",
    "https://esm.sh/v126/node_events.js": "507b1d9405b8384264d683e0508416c4be85498e65d32d0fcf64d6d353a30151",
    "https://esm.sh/v126/node_process.js": "138682d1c2af338932526443b7513103b898a9460d3e461ee315d3a68060342a",
    "https://esm.sh/v126/parse-srcset@1.0.2/denonext/parse-srcset.mjs": "79b825d12a392cca8b39a53f6189e4f6d8c81612bbed7e3bb7946195d5264737",
    "https://esm.sh/v126/parse-srcset@1.0.2/esnext/parse-srcset.mjs": "99266fb819ffab3c5419aab0beeafbfb6e8572dac0bb33ad9a47da77af0a8224",
    "https://esm.sh/v126/picocolors@1.0.0/denonext/picocolors.mjs": "5d53d745955947dce84f82222cfd00fd021239fcbe9336c6bbfe34ed2f40886c",
    "https://esm.sh/v126/picocolors@1.0.0/esnext/picocolors.mjs": "df13f83b999dcfb6c81373ff205b7ce912b8518d833754ca3b312f764d4500fb",
    "https://esm.sh/v126/postcss@8.4.24/denonext/postcss.mjs": "dcbfd84c79086479b4140ad728aa143b13af27a340181bbd0030e7be47dc1b9c",
    "https://esm.sh/v126/postcss@8.4.24/esnext/postcss.mjs": "59ee97cd73bae98c1c047bbbda6600f1917ef5ec4efb71976905cdc1a0e71e65",
    "https://esm.sh/v126/preact-render-to-string@5.2.0/X-ZC9wcmVhY3RAMTAuOC4y/denonext/preact-render-to-string.mjs": "eb5807569fb4adf77018b3a20cc68ce4d7c573b9737d3051ee3341b5d1aa305b",
    "https://esm.sh/v126/preact-render-to-string@5.2.6/X-ZC9wcmVhY3RAMTAuMTEuMg/denonext/preact-render-to-string.mjs": "baf544ca7c0dfc2ddb807e25fccc233bc12451c0ec212f5d5fd30100c5198def",
    "https://esm.sh/v126/prismjs@1.27.0/denonext/prismjs.mjs": "ecfafa0768ced5b1831aa87dd60c42b71d46032531ca7d2ef40f3853dd2ffba4",
    "https://esm.sh/v126/prismjs@1.28.0/denonext/components/prism-c.js": "1d3a0590d826a44fc42419a404aa5d895e777c40ddb0ea061df16024d637a6c9",
    "https://esm.sh/v126/prismjs@1.29.0/denonext/components/prism-c.js": "a953feccc190607c9aa27e8efabd149aa3eaa1105808a99e08be3b4513ef0f20",
    "https://esm.sh/v126/prismjs@1.29.0/denonext/prismjs.mjs": "e779547e00fb669a857425520bb53e6cef62baf9d69363d504b47890a9bfb57f",
    "https://esm.sh/v126/remove-markdown@0.5.0/denonext/remove-markdown.mjs": "abcc5cbc5f9dbee0bb06776b5a84f7c3bb65bc9b4454b3991f6964fbecd403c2",
    "https://esm.sh/v126/sanitize-html@2.7.0/denonext/sanitize-html.mjs": "e38b40a165eb783d592b20eb6ec47789688dd66e7de5bd7ecfeb1a4cd35c7443",
    "https://esm.sh/v126/sanitize-html@2.8.1/esnext/sanitize-html.mjs": "23975f9f947489303aafc31a228be59079c4a4c52027e77ae1b31a4d41e9d060",
    "https://esm.sh/v126/sax@1.2.4/denonext/sax.mjs": "dcc774c3fe80ebd4227774cd10c3664fe9c044fd0c863641ab59d958ce2215b5",
    "https://esm.sh/v126/source-map-js@1.0.2/denonext/source-map-js.mjs": "81ed2d1f28bd08a762f6819d5b366285a1bacf4b5c3757d866c79e4950529bfd",
    "https://esm.sh/v126/xml-js@1.6.11/denonext/xml-js.mjs": "bf92e59d4a59dc82271d223f2a4b55ef7182a463fa0cc486ae6efd7f02fe034e",
    "https://raw.githubusercontent.com/kt3k/callsites/v1.0.0/mod.ts": "a5fdfa7916d03459fd4830ca526d493d5f4ce0ea91619905d524c9a3a5c3cd15"
  }
}
